{
  "name": "no.almli.thermostat",
  "version": "1.2.1",
  "lockfileVersion": 1,
  "requires": true,
  "dependencies": {
    "athom-api": {
      "version": "3.2.12",
      "resolved": "https://registry.npmjs.org/athom-api/-/athom-api-3.2.12.tgz",
      "integrity": "sha512-jRjNP4aMy0cp41ft/W5a4+g5NkfyWu8V+QK8ecrzwrLVtlamOHtwjWjJtpJp2yRDfXKDNlnilI0BUeaIgLcevw=="
    }
  }
}
