{
  "name": "no.almli.thermostat",
  "version": "0.0.1",
  "lockfileVersion": 1,
  "requires": true,
  "dependencies": {
    "athom-api": {
      "version": "2.0.138",
      "resolved": "https://registry.npmjs.org/athom-api/-/athom-api-2.0.138.tgz",
      "integrity": "sha512-bTklaeQYdTOJB+eiFasErb4M9Ws6bkEsEplEyG9sgMWeqLWnoZy0H4+oMtY+mQPqwgMdSYha4S9AJSEQhAMAsw=="
    },
    "lodash": {
      "version": "4.17.11",
      "resolved": "https://registry.npmjs.org/lodash/-/lodash-4.17.11.tgz",
      "integrity": "sha512-cQKh8igo5QUhZ7lg38DYWAxMvjSAKG0A8wGSVimP07SIUEK2UO+arSRKbRZWtelMtN5V0Hkwh5ryOto/SshYIg=="
    }
  }
}
